
Microsoft Visual Studio Solution File, Format Version 12.00
# Visual Studio Version 17
VisualStudioVersion = 17.8.34408.163
MinimumVisualStudioVersion = 10.0.40219.1
Project("{FAE04EC0-301F-11D3-BF4B-00C04F79EFBC}") = "MeetMate", "MeetMate\MeetMate.csproj", "{7EB0D6B1-7EF0-4E21-97FF-E23158F6427B}"
EndProject
Global
	GlobalSection(SolutionConfigurationPlatforms) = preSolution
		Debug|Any CPU = Debug|Any CPU
		Release|Any CPU = Release|Any CPU
	EndGlobalSection
	GlobalSection(ProjectConfigurationPlatforms) = postSolution
		{7EB0D6B1-7EF0-4E21-97FF-E23158F6427B}.Debug|Any CPU.ActiveCfg = Debug|Any CPU
		{7EB0D6B1-7EF0-4E21-97FF-E23158F6427B}.Debug|Any CPU.Build.0 = Debug|Any CPU
		{7EB0D6B1-7EF0-4E21-97FF-E23158F6427B}.Debug|Any CPU.Deploy.0 = Debug|Any CPU
		{7EB0D6B1-7EF0-4E21-97FF-E23158F6427B}.Release|Any CPU.ActiveCfg = Release|Any CPU
		{7EB0D6B1-7EF0-4E21-97FF-E23158F6427B}.Release|Any CPU.Build.0 = Release|Any CPU
		{7EB0D6B1-7EF0-4E21-97FF-E23158F6427B}.Release|Any CPU.Deploy.0 = Release|Any CPU
	EndGlobalSection
	GlobalSection(SolutionProperties) = preSolution
		HideSolutionNode = FALSE
	EndGlobalSection
	GlobalSection(ExtensibilityGlobals) = postSolution
		SolutionGuid = {84CAFB39-CDB7-4CAF-8B30-B6E65BC5906C}
	EndGlobalSection
EndGlobal
